
Microsoft Visual Studio Solution File, Format Version 12.00
# Visual Studio 15
VisualStudioVersion = 15.0.28307.271
MinimumVisualStudioVersion = 10.0.40219.1
Project("{FAE04EC0-301F-11D3-BF4B-00C04F79EFBC}") = "tec_api", "tec_api\tec_api.csproj", "{2ABF347E-7B5C-4D40-8071-A6EE1F94F3A4}"
EndProject
Global
	GlobalSection(SolutionConfigurationPlatforms) = preSolution
		Debug|Any CPU = Debug|Any CPU
		Release|Any CPU = Release|Any CPU
	EndGlobalSection
	GlobalSection(ProjectConfigurationPlatforms) = postSolution
		{2ABF347E-7B5C-4D40-8071-A6EE1F94F3A4}.Debug|Any CPU.ActiveCfg = Debug|Any CPU
		{2ABF347E-7B5C-4D40-8071-A6EE1F94F3A4}.Debug|Any CPU.Build.0 = Debug|Any CPU
		{2ABF347E-7B5C-4D40-8071-A6EE1F94F3A4}.Release|Any CPU.ActiveCfg = Release|Any CPU
		{2ABF347E-7B5C-4D40-8071-A6EE1F94F3A4}.Release|Any CPU.Build.0 = Release|Any CPU
	EndGlobalSection
	GlobalSection(SolutionProperties) = preSolution
		HideSolutionNode = FALSE
	EndGlobalSection
	GlobalSection(ExtensibilityGlobals) = postSolution
		SolutionGuid = {62183855-90AD-45AD-9F68-A2A4E572919C}
	EndGlobalSection
EndGlobal
